// !$*UTF8*$!
{
	archiveVersion = 1;
	classes = {
	};
	objectVersion = 50;
	objects = {

/* Begin PBXBuildFile section */
		3277CFA6236852D5002DC60B /* main.cpp in Sources */ = {isa = PBXBuildFile; fileRef = 3277CFA5236852D5002DC60B /* main.cpp */; };
		3277CFAE2368531D002DC60B /* Second_task.cpp in Sources */ = {isa = PBXBuildFile; fileRef = 3277CFAC2368531D002DC60B /* Second_task.cpp */; };
		3277CFB32368537B002DC60B /* Worker.cpp in Sources */ = {isa = PBXBuildFile; fileRef = 3277CFB12368537B002DC60B /* Worker.cpp */; };
		3277CFB62368538F002DC60B /* First_task.cpp in Sources */ = {isa = PBXBuildFile; fileRef = 3277CFB42368538F002DC60B /* First_task.cpp */; };
/* End PBXBuildFile section */

/* Begin PBXCopyFilesBuildPhase section */
		3277CFA0236852D5002DC60B /* CopyFiles */ = {
			isa = PBXCopyFilesBuildPhase;
			buildActionMask = 2147483647;
			dstPath = /usr/share/man/man1/;
			dstSubfolderSpec = 0;
			files = (
			);
			runOnlyForDeploymentPostprocessing = 1;
		};
/* End PBXCopyFilesBuildPhase section */

/* Begin PBXFileReference section */
		3277CFA2236852D5002DC60B /* TEHPROGA2 */ = {isa = PBXFileReference; explicitFileType = "compiled.mach-o.executable"; includeInIndex = 0; path = TEHPROGA2; sourceTree = BUILT_PRODUCTS_DIR; };
		3277CFA5236852D5002DC60B /* main.cpp */ = {isa = PBXFileReference; lastKnownFileType = sourcecode.cpp.cpp; path = main.cpp; sourceTree = "<group>"; };
		3277CFAC2368531D002DC60B /* Second_task.cpp */ = {isa = PBXFileReference; lastKnownFileType = sourcecode.cpp.cpp; path = Second_task.cpp; sourceTree = "<group>"; };
		3277CFAD2368531D002DC60B /* Second_task.hpp */ = {isa = PBXFileReference; lastKnownFileType = sourcecode.cpp.h; path = Second_task.hpp; sourceTree = "<group>"; };
		3277CFB12368537B002DC60B /* Worker.cpp */ = {isa = PBXFileReference; lastKnownFileType = sourcecode.cpp.cpp; path = Worker.cpp; sourceTree = "<group>"; };
		3277CFB22368537B002DC60B /* Worker.hpp */ = {isa = PBXFileReference; lastKnownFileType = sourcecode.cpp.h; path = Worker.hpp; sourceTree = "<group>"; };
		3277CFB42368538F002DC60B /* First_task.cpp */ = {isa = PBXFileReference; lastKnownFileType = sourcecode.cpp.cpp; path = First_task.cpp; sourceTree = "<group>"; };
		3277CFB52368538F002DC60B /* First_task.hpp */ = {isa = PBXFileReference; lastKnownFileType = sourcecode.cpp.h; path = First_task.hpp; sourceTree = "<group>"; };
/* End PBXFileReference section */

/* Begin PBXFrameworksBuildPhase section */
		3277CF9F236852D5002DC60B /* Frameworks */ = {
			isa = PBXFrameworksBuildPhase;
			buildActionMask = 2147483647;
			files = (
			);
			runOnlyForDeploymentPostprocessing = 0;
		};
/* End PBXFrameworksBuildPhase section */

/* Begin PBXGroup section */
		3277CF99236852D5002DC60B = {
			isa = PBXGroup;
			children = (
				3277CFA4236852D5002DC60B /* TEHPROGA2 */,
				3277CFA3236852D5002DC60B /* Products */,
			);
			sourceTree = "<group>";
		};
		3277CFA3236852D5002DC60B /* Products */ = {
			isa = PBXGroup;
			children = (
				3277CFA2236852D5002DC60B /* TEHPROGA2 */,
			);
			name = Products;
			sourceTree = "<group>";
		};
		3277CFA4236852D5002DC60B /* TEHPROGA2 */ = {
			isa = PBXGroup;
			children = (
				3277CFB023685364002DC60B /* First_task */,
				3277CFAF23685324002DC60B /* Second_task */,
				3277CFA5236852D5002DC60B /* main.cpp */,
			);
			path = TEHPROGA2;
			sourceTree = "<group>";
		};
		3277CFAF23685324002DC60B /* Second_task */ = {
			isa = PBXGroup;
			children = (
				3277CFAC2368531D002DC60B /* Second_task.cpp */,
				3277CFAD2368531D002DC60B /* Second_task.hpp */,
			);
			name = Second_task;
			sourceTree = "<group>";
		};
		3277CFB023685364002DC60B /* First_task */ = {
			isa = PBXGroup;
			children = (
				3277CFB12368537B002DC60B /* Worker.cpp */,
				3277CFB22368537B002DC60B /* Worker.hpp */,
				3277CFB42368538F002DC60B /* First_task.cpp */,
				3277CFB52368538F002DC60B /* First_task.hpp */,
			);
			name = First_task;
			sourceTree = "<group>";
		};
/* End PBXGroup section */

/* Begin PBXNativeTarget section */
		3277CFA1236852D5002DC60B /* TEHPROGA2 */ = {
			isa = PBXNativeTarget;
			buildConfigurationList = 3277CFA9236852D5002DC60B /* Build configuration list for PBXNativeTarget "TEHPROGA2" */;
			buildPhases = (
				3277CF9E236852D5002DC60B /* Sources */,
				3277CF9F236852D5002DC60B /* Frameworks */,
				3277CFA0236852D5002DC60B /* CopyFiles */,
			);
			buildRules = (
			);
			dependencies = (
			);
			name = TEHPROGA2;
			productName = TEHPROGA2;
			productReference = 3277CFA2236852D5002DC60B /* TEHPROGA2 */;
			productType = "com.apple.product-type.tool";
		};
/* End PBXNativeTarget section */

/* Begin PBXProject section */
		3277CF9A236852D5002DC60B /* Project object */ = {
			isa = PBXProject;
			attributes = {
				LastUpgradeCheck = 1020;
				ORGANIZATIONNAME = "Артем Шарапов";
				TargetAttributes = {
					3277CFA1236852D5002DC60B = {
						CreatedOnToolsVersion = 10.2;
					};
				};
			};
			buildConfigurationList = 3277CF9D236852D5002DC60B /* Build configuration list for PBXProject "TEHPROGA2" */;
			compatibilityVersion = "Xcode 9.3";
			developmentRegion = en;
			hasScannedForEncodings = 0;
			knownRegions = (
				en,
			);
			mainGroup = 3277CF99236852D5002DC60B;
			productRefGroup = 3277CFA3236852D5002DC60B /* Products */;
			projectDirPath = "";
			projectRoot = "";
			targets = (
				3277CFA1236852D5002DC60B /* TEHPROGA2 */,
			);
		};
/* End PBXProject section */

/* Begin PBXSourcesBuildPhase section */
		3277CF9E236852D5002DC60B /* Sources */ = {
			isa = PBXSourcesBuildPhase;
			buildActionMask = 2147483647;
			files = (
				3277CFAE2368531D002DC60B /* Second_task.cpp in Sources */,
				3277CFB62368538F002DC60B /* First_task.cpp in Sources */,
				3277CFA6236852D5002DC60B /* main.cpp in Sources */,
				3277CFB32368537B002DC60B /* Worker.cpp in Sources */,
			);
			runOnlyForDeploymentPostprocessing = 0;
		};
/* End PBXSourcesBuildPhase section */

/* Begin XCBuildConfiguration section */
		3277CFA7236852D5002DC60B /* Debug */ = {
			isa = XCBuildConfiguration;
			buildSettings = {
				ALWAYS_SEARCH_USER_PATHS = NO;
				CLANG_ANALYZER_NONNULL = YES;
				CLANG_ANALYZER_NUMBER_OBJECT_CONVERSION = YES_AGGRESSIVE;
				CLANG_CXX_LANGUAGE_STANDARD = "gnu++14";
				CLANG_CXX_LIBRARY = "libc++";
				CLANG_ENABLE_MODULES = YES;
				CLANG_ENABLE_OBJC_ARC = YES;
				CLANG_ENABLE_OBJC_WEAK = YES;
				CLANG_WARN_BLOCK_CAPTURE_AUTORELEASING = YES;
				CLANG_WARN_BOOL_CONVERSION = YES;
				CLANG_WARN_COMMA = YES;
				CLANG_WARN_CONSTANT_CONVERSION = YES;
				CLANG_WARN_DEPRECATED_OBJC_IMPLEMENTATIONS = YES;
				CLANG_WARN_DIRECT_OBJC_ISA_USAGE = YES_ERROR;
				CLANG_WARN_DOCUMENTATION_COMMENTS = YES;
				CLANG_WARN_EMPTY_BODY = YES;
				CLANG_WARN_ENUM_CONVERSION = YES;
				CLANG_WARN_INFINITE_RECURSION = YES;
				CLANG_WARN_INT_CONVERSION = YES;
				CLANG_WARN_NON_LITERAL_NULL_CONVERSION = YES;
				CLANG_WARN_OBJC_IMPLICIT_RETAIN_SELF = YES;
				CLANG_WARN_OBJC_LITERAL_CONVERSION = YES;
				CLANG_WARN_OBJC_ROOT_CLASS = YES_ERROR;
				CLANG_WARN_RANGE_LOOP_ANALYSIS = YES;
				CLANG_WARN_STRICT_PROTOTYPES = YES;
				CLANG_WARN_SUSPICIOUS_MOVE = YES;
				CLANG_WARN_UNGUARDED_AVAILABILITY = YES_AGGRESSIVE;
				CLANG_WARN_UNREACHABLE_CODE = YES;
				CLANG_WARN__DUPLICATE_METHOD_MATCH = YES;
				CODE_SIGN_IDENTITY = "Mac Developer";
				COPY_PHASE_STRIP = NO;
				DEBUG_INFORMATION_FORMAT = dwarf;
				ENABLE_STRICT_OBJC_MSGSEND = YES;
				ENABLE_TESTABILITY = YES;
				GCC_C_LANGUAGE_STANDARD = gnu11;
				GCC_DYNAMIC_NO_PIC = NO;
				GCC_NO_COMMON_BLOCKS = YES;
				GCC_OPTIMIZATION_LEVEL = 0;
				GCC_PREPROCESSOR_DEFINITIONS = (
					"DEBUG=1",
					"$(inherited)",
				);
				GCC_WARN_64_TO_32_BIT_CONVERSION = YES;
				GCC_WARN_ABOUT_RETURN_TYPE = YES_ERROR;
				GCC_WARN_UNDECLARED_SELECTOR = YES;
				GCC_WARN_UNINITIALIZED_AUTOS = YES_AGGRESSIVE;
				GCC_WARN_UNUSED_FUNCTION = YES;
				GCC_WARN_UNUSED_VARIABLE = YES;
				MACOSX_DEPLOYMENT_TARGET = 10.15;
				MTL_ENABLE_DEBUG_INFO = INCLUDE_SOURCE;
				MTL_FAST_MATH = YES;
				ONLY_ACTIVE_ARCH = YES;
				SDKROOT = macosx;
			};
			name = Debug;
		};
		3277CFA8236852D5002DC60B /* Release */ = {
			isa = XCBuildConfiguration;
			buildSettings = {
				ALWAYS_SEARCH_USER_PATHS = NO;
				CLANG_ANALYZER_NONNULL = YES;
				CLANG_ANALYZER_NUMBER_OBJECT_CONVERSION = YES_AGGRESSIVE;
				CLANG_CXX_LANGUAGE_STANDARD = "gnu++14";
				CLANG_CXX_LIBRARY = "libc++";
				CLANG_ENABLE_MODULES = YES;
				CLANG_ENABLE_OBJC_ARC = YES;
				CLANG_ENABLE_OBJC_WEAK = YES;
				CLANG_WARN_BLOCK_CAPTURE_AUTORELEASING = YES;
				CLANG_WARN_BOOL_CONVERSION = YES;
				CLANG_WARN_COMMA = YES;
				CLANG_WARN_CONSTANT_CONVERSION = YES;
				CLANG_WARN_DEPRECATED_OBJC_IMPLEMENTATIONS = YES;
				CLANG_WARN_DIRECT_OBJC_ISA_USAGE = YES_ERROR;
				CLANG_WARN_DOCUMENTATION_COMMENTS = YES;
				CLANG_WARN_EMPTY_BODY = YES;
				CLANG_WARN_ENUM_CONVERSION = YES;
				CLANG_WARN_INFINITE_RECURSION = YES;
				CLANG_WARN_INT_CONVERSION = YES;
				CLANG_WARN_NON_LITERAL_NULL_CONVERSION = YES;
				CLANG_WARN_OBJC_IMPLICIT_RETAIN_SELF = YES;
				CLANG_WARN_OBJC_LITERAL_CONVERSION = YES;
				CLANG_WARN_OBJC_ROOT_CLASS = YES_ERROR;
				CLANG_WARN_RANGE_LOOP_ANALYSIS = YES;
				CLANG_WARN_STRICT_PROTOTYPES = YES;
				CLANG_WARN_SUSPICIOUS_MOVE = YES;
				CLANG_WARN_UNGUARDED_AVAILABILITY = YES_AGGRESSIVE;
				CLANG_WARN_UNREACHABLE_CODE = YES;
				CLANG_WARN__DUPLICATE_METHOD_MATCH = YES;
				CODE_SIGN_IDENTITY = "Mac Developer";
				COPY_PHASE_STRIP = NO;
				DEBUG_INFORMATION_FORMAT = "dwarf-with-dsym";
				ENABLE_NS_ASSERTIONS = NO;
				ENABLE_STRICT_OBJC_MSGSEND = YES;
				GCC_C_LANGUAGE_STANDARD = gnu11;
				GCC_NO_COMMON_BLOCKS = YES;
				GCC_WARN_64_TO_32_BIT_CONVERSION = YES;
				GCC_WARN_ABOUT_RETURN_TYPE = YES_ERROR;
				GCC_WARN_UNDECLARED_SELECTOR = YES;
				GCC_WARN_UNINITIALIZED_AUTOS = YES_AGGRESSIVE;
				GCC_WARN_UNUSED_FUNCTION = YES;
				GCC_WARN_UNUSED_VARIABLE = YES;
				MACOSX_DEPLOYMENT_TARGET = 10.15;
				MTL_ENABLE_DEBUG_INFO = NO;
				MTL_FAST_MATH = YES;
				SDKROOT = macosx;
			};
			name = Release;
		};
		3277CFAA236852D5002DC60B /* Debug */ = {
			isa = XCBuildConfiguration;
			buildSettings = {
				CODE_SIGN_STYLE = Automatic;
				DEVELOPMENT_TEAM = FXRT99T9T4;
				PRODUCT_NAME = "$(TARGET_NAME)";
			};
			name = Debug;
		};
		3277CFAB236852D5002DC60B /* Release */ = {
			isa = XCBuildConfiguration;
			buildSettings = {
				CODE_SIGN_STYLE = Automatic;
				DEVELOPMENT_TEAM = FXRT99T9T4;
				PRODUCT_NAME = "$(TARGET_NAME)";
			};
			name = Release;
		};
/* End XCBuildConfiguration section */

/* Begin XCConfigurationList section */
		3277CF9D236852D5002DC60B /* Build configuration list for PBXProject "TEHPROGA2" */ = {
			isa = XCConfigurationList;
			buildConfigurations = (
				3277CFA7236852D5002DC60B /* Debug */,
				3277CFA8236852D5002DC60B /* Release */,
			);
			defaultConfigurationIsVisible = 0;
			defaultConfigurationName = Release;
		};
		3277CFA9236852D5002DC60B /* Build configuration list for PBXNativeTarget "TEHPROGA2" */ = {
			isa = XCConfigurationList;
			buildConfigurations = (
				3277CFAA236852D5002DC60B /* Debug */,
				3277CFAB236852D5002DC60B /* Release */,
			);
			defaultConfigurationIsVisible = 0;
			defaultConfigurationName = Release;
		};
/* End XCConfigurationList section */
	};
	rootObject = 3277CF9A236852D5002DC60B /* Project object */;
}
